// !$*UTF8*$!
{
	archiveVersion = 1;
	classes = {
	};
	objectVersion = 56;
	objects = {

/* Begin PBXBuildFile section */
		5D2CF5A1293D9EF300158FAE /* BackgroundThreadBootcamp.swift in Sources */ = {isa = PBXBuildFile; fileRef = 5D2CF5A0293D9EF300158FAE /* BackgroundThreadBootcamp.swift */; };
		5D2CF5A4293E2B7000158FAE /* WeakSelfBootcamp.swift in Sources */ = {isa = PBXBuildFile; fileRef = 5D2CF5A3293E2B7000158FAE /* WeakSelfBootcamp.swift */; };
		5D42F52429393E7A00D9DB28 /* SoundsBootcamp.swift in Sources */ = {isa = PBXBuildFile; fileRef = 5D42F52329393E7A00D9DB28 /* SoundsBootcamp.swift */; };
		5D42F5282939470D00D9DB28 /* tada.mp3 in Resources */ = {isa = PBXBuildFile; fileRef = 5D42F5262939470D00D9DB28 /* tada.mp3 */; };
		5D42F5292939470D00D9DB28 /* badum.mp3 in Resources */ = {isa = PBXBuildFile; fileRef = 5D42F5272939470D00D9DB28 /* badum.mp3 */; };
		5D42F52C29394DEA00D9DB28 /* HapticsBootcamp.swift in Sources */ = {isa = PBXBuildFile; fileRef = 5D42F52B29394DEA00D9DB28 /* HapticsBootcamp.swift */; };
		5D42F5302939562500D9DB28 /* LocalNotificationBootcamp.swift in Sources */ = {isa = PBXBuildFile; fileRef = 5D42F52F2939562500D9DB28 /* LocalNotificationBootcamp.swift */; };
		5D42F53329397DE000D9DB28 /* HashableBootcamp.swift in Sources */ = {isa = PBXBuildFile; fileRef = 5D42F53229397DE000D9DB28 /* HashableBootcamp.swift */; };
		5D470E442937EC7D00FE8005 /* ScrollViewReaderBootcamp.swift in Sources */ = {isa = PBXBuildFile; fileRef = 5D470E432937EC7D00FE8005 /* ScrollViewReaderBootcamp.swift */; };
		5D470E472937F69C00FE8005 /* GeometryReaderBootcamp.swift in Sources */ = {isa = PBXBuildFile; fileRef = 5D470E462937F69C00FE8005 /* GeometryReaderBootcamp.swift */; };
		5D470E4A29381D2F00FE8005 /* MultipleSheetBootcamp.swift in Sources */ = {isa = PBXBuildFile; fileRef = 5D470E4929381D2F00FE8005 /* MultipleSheetBootcamp.swift */; };
		5D470E4D2938476100FE8005 /* MaskBootcamp.swift in Sources */ = {isa = PBXBuildFile; fileRef = 5D470E4C2938476100FE8005 /* MaskBootcamp.swift */; };
		5D90CFD7293BE12D00B90E3F /* FruitsContainer.xcdatamodeld in Sources */ = {isa = PBXBuildFile; fileRef = 5D90CFD5293BE12D00B90E3F /* FruitsContainer.xcdatamodeld */; };
		5DCB13D6293BD85A00D38E9A /* Link.swift in Sources */ = {isa = PBXBuildFile; fileRef = 5DCB13D5293BD85A00D38E9A /* Link.swift */; };
		5DCB13D9293BD90A00D38E9A /* CoreDataBootcamp.swift in Sources */ = {isa = PBXBuildFile; fileRef = 5DCB13D8293BD90A00D38E9A /* CoreDataBootcamp.swift */; };
		5DCB275D293AF79F00BA3D7B /* ArraysBootcamp.swift in Sources */ = {isa = PBXBuildFile; fileRef = 5DCB275C293AF79F00BA3D7B /* ArraysBootcamp.swift */; };
		5DE3D6E229379EA300A06A80 /* SwiftUI_Continued_Learning_Intermediate_BootcampApp.swift in Sources */ = {isa = PBXBuildFile; fileRef = 5DE3D6E129379EA300A06A80 /* SwiftUI_Continued_Learning_Intermediate_BootcampApp.swift */; };
		5DE3D6E429379EA300A06A80 /* ContentView.swift in Sources */ = {isa = PBXBuildFile; fileRef = 5DE3D6E329379EA300A06A80 /* ContentView.swift */; };
		5DE3D6E629379EA400A06A80 /* Assets.xcassets in Resources */ = {isa = PBXBuildFile; fileRef = 5DE3D6E529379EA400A06A80 /* Assets.xcassets */; };
		5DE3D6E929379EA400A06A80 /* Preview Assets.xcassets in Resources */ = {isa = PBXBuildFile; fileRef = 5DE3D6E829379EA400A06A80 /* Preview Assets.xcassets */; };
		5DE3D6F129379F1100A06A80 /* LongPressGestureBootcamp.swift in Sources */ = {isa = PBXBuildFile; fileRef = 5DE3D6F029379F1100A06A80 /* LongPressGestureBootcamp.swift */; };
		5DE3D6F42937AD8B00A06A80 /* MagnificationGestureBootcamp.swift in Sources */ = {isa = PBXBuildFile; fileRef = 5DE3D6F32937AD8B00A06A80 /* MagnificationGestureBootcamp.swift */; };
		5DE3D6F72937B54C00A06A80 /* RotationGestureBootcamp.swift in Sources */ = {isa = PBXBuildFile; fileRef = 5DE3D6F62937B54C00A06A80 /* RotationGestureBootcamp.swift */; };
		5DE3D6FA2937BEDB00A06A80 /* DragGestureBootcamp.swift in Sources */ = {isa = PBXBuildFile; fileRef = 5DE3D6F92937BEDB00A06A80 /* DragGestureBootcamp.swift */; };
		5DE3D6FC2937C97F00A06A80 /* DragGestureBootcamp2.swift in Sources */ = {isa = PBXBuildFile; fileRef = 5DE3D6FB2937C97F00A06A80 /* DragGestureBootcamp2.swift */; };
/* End PBXBuildFile section */

/* Begin PBXFileReference section */
		5D2CF5A0293D9EF300158FAE /* BackgroundThreadBootcamp.swift */ = {isa = PBXFileReference; lastKnownFileType = sourcecode.swift; path = BackgroundThreadBootcamp.swift; sourceTree = "<group>"; };
		5D2CF5A3293E2B7000158FAE /* WeakSelfBootcamp.swift */ = {isa = PBXFileReference; lastKnownFileType = sourcecode.swift; path = WeakSelfBootcamp.swift; sourceTree = "<group>"; };
		5D42F52329393E7A00D9DB28 /* SoundsBootcamp.swift */ = {isa = PBXFileReference; lastKnownFileType = sourcecode.swift; path = SoundsBootcamp.swift; sourceTree = "<group>"; };
		5D42F5262939470D00D9DB28 /* tada.mp3 */ = {isa = PBXFileReference; lastKnownFileType = audio.mp3; path = tada.mp3; sourceTree = "<group>"; };
		5D42F5272939470D00D9DB28 /* badum.mp3 */ = {isa = PBXFileReference; lastKnownFileType = audio.mp3; path = badum.mp3; sourceTree = "<group>"; };
		5D42F52B29394DEA00D9DB28 /* HapticsBootcamp.swift */ = {isa = PBXFileReference; lastKnownFileType = sourcecode.swift; path = HapticsBootcamp.swift; sourceTree = "<group>"; };
		5D42F52F2939562500D9DB28 /* LocalNotificationBootcamp.swift */ = {isa = PBXFileReference; lastKnownFileType = sourcecode.swift; path = LocalNotificationBootcamp.swift; sourceTree = "<group>"; };
		5D42F53229397DE000D9DB28 /* HashableBootcamp.swift */ = {isa = PBXFileReference; lastKnownFileType = sourcecode.swift; path = HashableBootcamp.swift; sourceTree = "<group>"; };
		5D470E432937EC7D00FE8005 /* ScrollViewReaderBootcamp.swift */ = {isa = PBXFileReference; lastKnownFileType = sourcecode.swift; path = ScrollViewReaderBootcamp.swift; sourceTree = "<group>"; };
		5D470E462937F69C00FE8005 /* GeometryReaderBootcamp.swift */ = {isa = PBXFileReference; lastKnownFileType = sourcecode.swift; path = GeometryReaderBootcamp.swift; sourceTree = "<group>"; };
		5D470E4929381D2F00FE8005 /* MultipleSheetBootcamp.swift */ = {isa = PBXFileReference; lastKnownFileType = sourcecode.swift; path = MultipleSheetBootcamp.swift; sourceTree = "<group>"; };
		5D470E4C2938476100FE8005 /* MaskBootcamp.swift */ = {isa = PBXFileReference; lastKnownFileType = sourcecode.swift; path = MaskBootcamp.swift; sourceTree = "<group>"; };
		5D90CFD6293BE12D00B90E3F /* FruitsContainer.xcdatamodel */ = {isa = PBXFileReference; lastKnownFileType = wrapper.xcdatamodel; path = FruitsContainer.xcdatamodel; sourceTree = "<group>"; };
		5DCB13D5293BD85A00D38E9A /* Link.swift */ = {isa = PBXFileReference; lastKnownFileType = sourcecode.swift; path = Link.swift; sourceTree = "<group>"; };
		5DCB13D8293BD90A00D38E9A /* CoreDataBootcamp.swift */ = {isa = PBXFileReference; lastKnownFileType = sourcecode.swift; path = CoreDataBootcamp.swift; sourceTree = "<group>"; };
		5DCB275C293AF79F00BA3D7B /* ArraysBootcamp.swift */ = {isa = PBXFileReference; lastKnownFileType = sourcecode.swift; path = ArraysBootcamp.swift; sourceTree = "<group>"; };
		5DE3D6DE29379EA300A06A80 /* SwiftUI Continued Learning Intermediate Bootcamp.app */ = {isa = PBXFileReference; explicitFileType = wrapper.application; includeInIndex = 0; path = "SwiftUI Continued Learning Intermediate Bootcamp.app"; sourceTree = BUILT_PRODUCTS_DIR; };
		5DE3D6E129379EA300A06A80 /* SwiftUI_Continued_Learning_Intermediate_BootcampApp.swift */ = {isa = PBXFileReference; lastKnownFileType = sourcecode.swift; path = SwiftUI_Continued_Learning_Intermediate_BootcampApp.swift; sourceTree = "<group>"; };
		5DE3D6E329379EA300A06A80 /* ContentView.swift */ = {isa = PBXFileReference; lastKnownFileType = sourcecode.swift; path = ContentView.swift; sourceTree = "<group>"; };
		5DE3D6E529379EA400A06A80 /* Assets.xcassets */ = {isa = PBXFileReference; lastKnownFileType = folder.assetcatalog; path = Assets.xcassets; sourceTree = "<group>"; };
		5DE3D6E829379EA400A06A80 /* Preview Assets.xcassets */ = {isa = PBXFileReference; lastKnownFileType = folder.assetcatalog; path = "Preview Assets.xcassets"; sourceTree = "<group>"; };
		5DE3D6F029379F1100A06A80 /* LongPressGestureBootcamp.swift */ = {isa = PBXFileReference; lastKnownFileType = sourcecode.swift; path = LongPressGestureBootcamp.swift; sourceTree = "<group>"; };
		5DE3D6F32937AD8B00A06A80 /* MagnificationGestureBootcamp.swift */ = {isa = PBXFileReference; lastKnownFileType = sourcecode.swift; path = MagnificationGestureBootcamp.swift; sourceTree = "<group>"; };
		5DE3D6F62937B54C00A06A80 /* RotationGestureBootcamp.swift */ = {isa = PBXFileReference; lastKnownFileType = sourcecode.swift; path = RotationGestureBootcamp.swift; sourceTree = "<group>"; };
		5DE3D6F92937BEDB00A06A80 /* DragGestureBootcamp.swift */ = {isa = PBXFileReference; lastKnownFileType = sourcecode.swift; path = DragGestureBootcamp.swift; sourceTree = "<group>"; };
		5DE3D6FB2937C97F00A06A80 /* DragGestureBootcamp2.swift */ = {isa = PBXFileReference; lastKnownFileType = sourcecode.swift; path = DragGestureBootcamp2.swift; sourceTree = "<group>"; };
/* End PBXFileReference section */

/* Begin PBXFrameworksBuildPhase section */
		5DE3D6DB29379EA300A06A80 /* Frameworks */ = {
			isa = PBXFrameworksBuildPhase;
			buildActionMask = 2147483647;
			files = (
			);
			runOnlyForDeploymentPostprocessing = 0;
		};
/* End PBXFrameworksBuildPhase section */

/* Begin PBXGroup section */
		5D2CF59F293D9ECF00158FAE /* Class#17 */ = {
			isa = PBXGroup;
			children = (
				5D2CF5A0293D9EF300158FAE /* BackgroundThreadBootcamp.swift */,
			);
			path = "Class#17";
			sourceTree = "<group>";
		};
		5D2CF5A2293E2A7600158FAE /*  Class#18 */ = {
			isa = PBXGroup;
			children = (
				5D2CF5A3293E2B7000158FAE /* WeakSelfBootcamp.swift */,
			);
			path = " Class#18";
			sourceTree = "<group>";
		};
		5D42F52229393E5F00D9DB28 /* Class#9 */ = {
			isa = PBXGroup;
			children = (
				5D42F525293946EF00D9DB28 /* Sounds */,
				5D42F52329393E7A00D9DB28 /* SoundsBootcamp.swift */,
			);
			path = "Class#9";
			sourceTree = "<group>";
		};
		5D42F525293946EF00D9DB28 /* Sounds */ = {
			isa = PBXGroup;
			children = (
				5D42F5272939470D00D9DB28 /* badum.mp3 */,
				5D42F5262939470D00D9DB28 /* tada.mp3 */,
			);
			path = Sounds;
			sourceTree = "<group>";
		};
		5D42F52A29394D5300D9DB28 /* Class#10 */ = {
			isa = PBXGroup;
			children = (
				5D42F52B29394DEA00D9DB28 /* HapticsBootcamp.swift */,
			);
			path = "Class#10";
			sourceTree = "<group>";
		};
		5D42F52E2939517600D9DB28 /* Class#11 */ = {
			isa = PBXGroup;
			children = (
				5D42F52F2939562500D9DB28 /* LocalNotificationBootcamp.swift */,
			);
			path = "Class#11";
			sourceTree = "<group>";
		};
		5D42F53129397D7E00D9DB28 /* Class#12 */ = {
			isa = PBXGroup;
			children = (
				5D42F53229397DE000D9DB28 /* HashableBootcamp.swift */,
			);
			path = "Class#12";
			sourceTree = "<group>";
		};
		5D470E422937EBB800FE8005 /* Class#5 */ = {
			isa = PBXGroup;
			children = (
				5D470E432937EC7D00FE8005 /* ScrollViewReaderBootcamp.swift */,
			);
			path = "Class#5";
			sourceTree = "<group>";
		};
		5D470E452937F5EB00FE8005 /* Class#6 */ = {
			isa = PBXGroup;
			children = (
				5D470E462937F69C00FE8005 /* GeometryReaderBootcamp.swift */,
			);
			path = "Class#6";
			sourceTree = "<group>";
		};
		5D470E4829380B3100FE8005 /* Class#7 */ = {
			isa = PBXGroup;
			children = (
				5D470E4929381D2F00FE8005 /* MultipleSheetBootcamp.swift */,
			);
			path = "Class#7";
			sourceTree = "<group>";
		};
		5D470E4B293845A200FE8005 /* Class#8 */ = {
			isa = PBXGroup;
			children = (
				5D470E4C2938476100FE8005 /* MaskBootcamp.swift */,
			);
			path = "Class#8";
			sourceTree = "<group>";
		};
		5DCB13D4293BD83E00D38E9A /* Class#14 */ = {
			isa = PBXGroup;
			children = (
				5DCB13D5293BD85A00D38E9A /* Link.swift */,
			);
			path = "Class#14";
			sourceTree = "<group>";
		};
		5DCB13D7293BD8DA00D38E9A /* Class#15 */ = {
			isa = PBXGroup;
			children = (
				5DCB13D8293BD90A00D38E9A /* CoreDataBootcamp.swift */,
				5D90CFD5293BE12D00B90E3F /* FruitsContainer.xcdatamodeld */,
			);
			path = "Class#15";
			sourceTree = "<group>";
		};
		5DCB275B293AF72A00BA3D7B /* Class#13 */ = {
			isa = PBXGroup;
			children = (
				5DCB275C293AF79F00BA3D7B /* ArraysBootcamp.swift */,
			);
			path = "Class#13";
			sourceTree = "<group>";
		};
		5DE3D6D529379EA300A06A80 = {
			isa = PBXGroup;
			children = (
				5DE3D6E029379EA300A06A80 /* SwiftUI Continued Learning Intermediate Bootcamp */,
				5DE3D6DF29379EA300A06A80 /* Products */,
			);
			sourceTree = "<group>";
		};
		5DE3D6DF29379EA300A06A80 /* Products */ = {
			isa = PBXGroup;
			children = (
				5DE3D6DE29379EA300A06A80 /* SwiftUI Continued Learning Intermediate Bootcamp.app */,
			);
			name = Products;
			sourceTree = "<group>";
		};
		5DE3D6E029379EA300A06A80 /* SwiftUI Continued Learning Intermediate Bootcamp */ = {
			isa = PBXGroup;
			children = (
				5D2CF5A2293E2A7600158FAE /*  Class#18 */,
				5D2CF59F293D9ECF00158FAE /* Class#17 */,
				5DCB13D7293BD8DA00D38E9A /* Class#15 */,
				5DCB13D4293BD83E00D38E9A /* Class#14 */,
				5DCB275B293AF72A00BA3D7B /* Class#13 */,
				5D42F53129397D7E00D9DB28 /* Class#12 */,
				5D42F52E2939517600D9DB28 /* Class#11 */,
				5D42F52A29394D5300D9DB28 /* Class#10 */,
				5D42F52229393E5F00D9DB28 /* Class#9 */,
				5D470E4B293845A200FE8005 /* Class#8 */,
				5D470E4829380B3100FE8005 /* Class#7 */,
				5D470E452937F5EB00FE8005 /* Class#6 */,
				5D470E422937EBB800FE8005 /* Class#5 */,
				5DE3D6F82937BDF700A06A80 /* Class#4 */,
				5DE3D6F52937B53000A06A80 /* Class#3 */,
				5DE3D6F22937AD1300A06A80 /* Class#2 */,
				5DE3D6EF29379EF200A06A80 /* Class#1 */,
				5DE3D6E129379EA300A06A80 /* SwiftUI_Continued_Learning_Intermediate_BootcampApp.swift */,
				5DE3D6E329379EA300A06A80 /* ContentView.swift */,
				5DE3D6E529379EA400A06A80 /* Assets.xcassets */,
				5DE3D6E729379EA400A06A80 /* Preview Content */,
			);
			path = "SwiftUI Continued Learning Intermediate Bootcamp";
			sourceTree = "<group>";
		};
		5DE3D6E729379EA400A06A80 /* Preview Content */ = {
			isa = PBXGroup;
			children = (
				5DE3D6E829379EA400A06A80 /* Preview Assets.xcassets */,
			);
			path = "Preview Content";
			sourceTree = "<group>";
		};
		5DE3D6EF29379EF200A06A80 /* Class#1 */ = {
			isa = PBXGroup;
			children = (
				5DE3D6F029379F1100A06A80 /* LongPressGestureBootcamp.swift */,
			);
			path = "Class#1";
			sourceTree = "<group>";
		};
		5DE3D6F22937AD1300A06A80 /* Class#2 */ = {
			isa = PBXGroup;
			children = (
				5DE3D6F32937AD8B00A06A80 /* MagnificationGestureBootcamp.swift */,
			);
			path = "Class#2";
			sourceTree = "<group>";
		};
		5DE3D6F52937B53000A06A80 /* Class#3 */ = {
			isa = PBXGroup;
			children = (
				5DE3D6F62937B54C00A06A80 /* RotationGestureBootcamp.swift */,
			);
			path = "Class#3";
			sourceTree = "<group>";
		};
		5DE3D6F82937BDF700A06A80 /* Class#4 */ = {
			isa = PBXGroup;
			children = (
				5DE3D6F92937BEDB00A06A80 /* DragGestureBootcamp.swift */,
				5DE3D6FB2937C97F00A06A80 /* DragGestureBootcamp2.swift */,
			);
			path = "Class#4";
			sourceTree = "<group>";
		};
/* End PBXGroup section */

/* Begin PBXNativeTarget section */
		5DE3D6DD29379EA300A06A80 /* SwiftUI Continued Learning Intermediate Bootcamp */ = {
			isa = PBXNativeTarget;
			buildConfigurationList = 5DE3D6EC29379EA400A06A80 /* Build configuration list for PBXNativeTarget "SwiftUI Continued Learning Intermediate Bootcamp" */;
			buildPhases = (
				5DE3D6DA29379EA300A06A80 /* Sources */,
				5DE3D6DB29379EA300A06A80 /* Frameworks */,
				5DE3D6DC29379EA300A06A80 /* Resources */,
			);
			buildRules = (
			);
			dependencies = (
			);
			name = "SwiftUI Continued Learning Intermediate Bootcamp";
			productName = "SwiftUI Continued Learning Intermediate Bootcamp";
			productReference = 5DE3D6DE29379EA300A06A80 /* SwiftUI Continued Learning Intermediate Bootcamp.app */;
			productType = "com.apple.product-type.application";
		};
/* End PBXNativeTarget section */

/* Begin PBXProject section */
		5DE3D6D629379EA300A06A80 /* Project object */ = {
			isa = PBXProject;
			attributes = {
				BuildIndependentTargetsInParallel = 1;
				LastSwiftUpdateCheck = 1410;
				LastUpgradeCheck = 1410;
				TargetAttributes = {
					5DE3D6DD29379EA300A06A80 = {
						CreatedOnToolsVersion = 14.1;
					};
				};
			};
			buildConfigurationList = 5DE3D6D929379EA300A06A80 /* Build configuration list for PBXProject "SwiftUI Continued Learning Intermediate Bootcamp" */;
			compatibilityVersion = "Xcode 14.0";
			developmentRegion = en;
			hasScannedForEncodings = 0;
			knownRegions = (
				en,
				Base,
			);
			mainGroup = 5DE3D6D529379EA300A06A80;
			productRefGroup = 5DE3D6DF29379EA300A06A80 /* Products */;
			projectDirPath = "";
			projectRoot = "";
			targets = (
				5DE3D6DD29379EA300A06A80 /* SwiftUI Continued Learning Intermediate Bootcamp */,
			);
		};
/* End PBXProject section */

/* Begin PBXResourcesBuildPhase section */
		5DE3D6DC29379EA300A06A80 /* Resources */ = {
			isa = PBXResourcesBuildPhase;
			buildActionMask = 2147483647;
			files = (
				5D42F5292939470D00D9DB28 /* badum.mp3 in Resources */,
				5DE3D6E929379EA400A06A80 /* Preview Assets.xcassets in Resources */,
				5DE3D6E629379EA400A06A80 /* Assets.xcassets in Resources */,
				5D42F5282939470D00D9DB28 /* tada.mp3 in Resources */,
			);
			runOnlyForDeploymentPostprocessing = 0;
		};
/* End PBXResourcesBuildPhase section */

/* Begin PBXSourcesBuildPhase section */
		5DE3D6DA29379EA300A06A80 /* Sources */ = {
			isa = PBXSourcesBuildPhase;
			buildActionMask = 2147483647;
			files = (
				5DCB13D6293BD85A00D38E9A /* Link.swift in Sources */,
				5D42F53329397DE000D9DB28 /* HashableBootcamp.swift in Sources */,
				5D470E4A29381D2F00FE8005 /* MultipleSheetBootcamp.swift in Sources */,
				5D470E4D2938476100FE8005 /* MaskBootcamp.swift in Sources */,
				5DE3D6FC2937C97F00A06A80 /* DragGestureBootcamp2.swift in Sources */,
				5DE3D6FA2937BEDB00A06A80 /* DragGestureBootcamp.swift in Sources */,
				5DE3D6E429379EA300A06A80 /* ContentView.swift in Sources */,
				5DCB275D293AF79F00BA3D7B /* ArraysBootcamp.swift in Sources */,
				5D42F5302939562500D9DB28 /* LocalNotificationBootcamp.swift in Sources */,
				5D90CFD7293BE12D00B90E3F /* FruitsContainer.xcdatamodeld in Sources */,
				5D470E442937EC7D00FE8005 /* ScrollViewReaderBootcamp.swift in Sources */,
				5DE3D6E229379EA300A06A80 /* SwiftUI_Continued_Learning_Intermediate_BootcampApp.swift in Sources */,
				5D2CF5A4293E2B7000158FAE /* WeakSelfBootcamp.swift in Sources */,
				5DE3D6F42937AD8B00A06A80 /* MagnificationGestureBootcamp.swift in Sources */,
				5D42F52429393E7A00D9DB28 /* SoundsBootcamp.swift in Sources */,
				5D2CF5A1293D9EF300158FAE /* BackgroundThreadBootcamp.swift in Sources */,
				5DCB13D9293BD90A00D38E9A /* CoreDataBootcamp.swift in Sources */,
				5D470E472937F69C00FE8005 /* GeometryReaderBootcamp.swift in Sources */,
				5D42F52C29394DEA00D9DB28 /* HapticsBootcamp.swift in Sources */,
				5DE3D6F129379F1100A06A80 /* LongPressGestureBootcamp.swift in Sources */,
				5DE3D6F72937B54C00A06A80 /* RotationGestureBootcamp.swift in Sources */,
			);
			runOnlyForDeploymentPostprocessing = 0;
		};
/* End PBXSourcesBuildPhase section */

/* Begin XCBuildConfiguration section */
		5DE3D6EA29379EA400A06A80 /* Debug */ = {
			isa = XCBuildConfiguration;
			buildSettings = {
				ALWAYS_SEARCH_USER_PATHS = NO;
				CLANG_ANALYZER_NONNULL = YES;
				CLANG_ANALYZER_NUMBER_OBJECT_CONVERSION = YES_AGGRESSIVE;
				CLANG_CXX_LANGUAGE_STANDARD = "gnu++20";
				CLANG_ENABLE_MODULES = YES;
				CLANG_ENABLE_OBJC_ARC = YES;
				CLANG_ENABLE_OBJC_WEAK = YES;
				CLANG_WARN_BLOCK_CAPTURE_AUTORELEASING = YES;
				CLANG_WARN_BOOL_CONVERSION = YES;
				CLANG_WARN_COMMA = YES;
				CLANG_WARN_CONSTANT_CONVERSION = YES;
				CLANG_WARN_DEPRECATED_OBJC_IMPLEMENTATIONS = YES;
				CLANG_WARN_DIRECT_OBJC_ISA_USAGE = YES_ERROR;
				CLANG_WARN_DOCUMENTATION_COMMENTS = YES;
				CLANG_WARN_EMPTY_BODY = YES;
				CLANG_WARN_ENUM_CONVERSION = YES;
				CLANG_WARN_INFINITE_RECURSION = YES;
				CLANG_WARN_INT_CONVERSION = YES;
				CLANG_WARN_NON_LITERAL_NULL_CONVERSION = YES;
				CLANG_WARN_OBJC_IMPLICIT_RETAIN_SELF = YES;
				CLANG_WARN_OBJC_LITERAL_CONVERSION = YES;
				CLANG_WARN_OBJC_ROOT_CLASS = YES_ERROR;
				CLANG_WARN_QUOTED_INCLUDE_IN_FRAMEWORK_HEADER = YES;
				CLANG_WARN_RANGE_LOOP_ANALYSIS = YES;
				CLANG_WARN_STRICT_PROTOTYPES = YES;
				CLANG_WARN_SUSPICIOUS_MOVE = YES;
				CLANG_WARN_UNGUARDED_AVAILABILITY = YES_AGGRESSIVE;
				CLANG_WARN_UNREACHABLE_CODE = YES;
				CLANG_WARN__DUPLICATE_METHOD_MATCH = YES;
				COPY_PHASE_STRIP = NO;
				DEBUG_INFORMATION_FORMAT = dwarf;
				ENABLE_STRICT_OBJC_MSGSEND = YES;
				ENABLE_TESTABILITY = YES;
				GCC_C_LANGUAGE_STANDARD = gnu11;
				GCC_DYNAMIC_NO_PIC = NO;
				GCC_NO_COMMON_BLOCKS = YES;
				GCC_OPTIMIZATION_LEVEL = 0;
				GCC_PREPROCESSOR_DEFINITIONS = (
					"DEBUG=1",
					"$(inherited)",
				);
				GCC_WARN_64_TO_32_BIT_CONVERSION = YES;
				GCC_WARN_ABOUT_RETURN_TYPE = YES_ERROR;
				GCC_WARN_UNDECLARED_SELECTOR = YES;
				GCC_WARN_UNINITIALIZED_AUTOS = YES_AGGRESSIVE;
				GCC_WARN_UNUSED_FUNCTION = YES;
				GCC_WARN_UNUSED_VARIABLE = YES;
				IPHONEOS_DEPLOYMENT_TARGET = 16.1;
				MTL_ENABLE_DEBUG_INFO = INCLUDE_SOURCE;
				MTL_FAST_MATH = YES;
				ONLY_ACTIVE_ARCH = YES;
				SDKROOT = iphoneos;
				SWIFT_ACTIVE_COMPILATION_CONDITIONS = DEBUG;
				SWIFT_OPTIMIZATION_LEVEL = "-Onone";
			};
			name = Debug;
		};
		5DE3D6EB29379EA400A06A80 /* Release */ = {
			isa = XCBuildConfiguration;
			buildSettings = {
				ALWAYS_SEARCH_USER_PATHS = NO;
				CLANG_ANALYZER_NONNULL = YES;
				CLANG_ANALYZER_NUMBER_OBJECT_CONVERSION = YES_AGGRESSIVE;
				CLANG_CXX_LANGUAGE_STANDARD = "gnu++20";
				CLANG_ENABLE_MODULES = YES;
				CLANG_ENABLE_OBJC_ARC = YES;
				CLANG_ENABLE_OBJC_WEAK = YES;
				CLANG_WARN_BLOCK_CAPTURE_AUTORELEASING = YES;
				CLANG_WARN_BOOL_CONVERSION = YES;
				CLANG_WARN_COMMA = YES;
				CLANG_WARN_CONSTANT_CONVERSION = YES;
				CLANG_WARN_DEPRECATED_OBJC_IMPLEMENTATIONS = YES;
				CLANG_WARN_DIRECT_OBJC_ISA_USAGE = YES_ERROR;
				CLANG_WARN_DOCUMENTATION_COMMENTS = YES;
				CLANG_WARN_EMPTY_BODY = YES;
				CLANG_WARN_ENUM_CONVERSION = YES;
				CLANG_WARN_INFINITE_RECURSION = YES;
				CLANG_WARN_INT_CONVERSION = YES;
				CLANG_WARN_NON_LITERAL_NULL_CONVERSION = YES;
				CLANG_WARN_OBJC_IMPLICIT_RETAIN_SELF = YES;
				CLANG_WARN_OBJC_LITERAL_CONVERSION = YES;
				CLANG_WARN_OBJC_ROOT_CLASS = YES_ERROR;
				CLANG_WARN_QUOTED_INCLUDE_IN_FRAMEWORK_HEADER = YES;
				CLANG_WARN_RANGE_LOOP_ANALYSIS = YES;
				CLANG_WARN_STRICT_PROTOTYPES = YES;
				CLANG_WARN_SUSPICIOUS_MOVE = YES;
				CLANG_WARN_UNGUARDED_AVAILABILITY = YES_AGGRESSIVE;
				CLANG_WARN_UNREACHABLE_CODE = YES;
				CLANG_WARN__DUPLICATE_METHOD_MATCH = YES;
				COPY_PHASE_STRIP = NO;
				DEBUG_INFORMATION_FORMAT = "dwarf-with-dsym";
				ENABLE_NS_ASSERTIONS = NO;
				ENABLE_STRICT_OBJC_MSGSEND = YES;
				GCC_C_LANGUAGE_STANDARD = gnu11;
				GCC_NO_COMMON_BLOCKS = YES;
				GCC_WARN_64_TO_32_BIT_CONVERSION = YES;
				GCC_WARN_ABOUT_RETURN_TYPE = YES_ERROR;
				GCC_WARN_UNDECLARED_SELECTOR = YES;
				GCC_WARN_UNINITIALIZED_AUTOS = YES_AGGRESSIVE;
				GCC_WARN_UNUSED_FUNCTION = YES;
				GCC_WARN_UNUSED_VARIABLE = YES;
				IPHONEOS_DEPLOYMENT_TARGET = 16.1;
				MTL_ENABLE_DEBUG_INFO = NO;
				MTL_FAST_MATH = YES;
				SDKROOT = iphoneos;
				SWIFT_COMPILATION_MODE = wholemodule;
				SWIFT_OPTIMIZATION_LEVEL = "-O";
				VALIDATE_PRODUCT = YES;
			};
			name = Release;
		};
		5DE3D6ED29379EA400A06A80 /* Debug */ = {
			isa = XCBuildConfiguration;
			buildSettings = {
				ASSETCATALOG_COMPILER_APPICON_NAME = AppIcon;
				ASSETCATALOG_COMPILER_GLOBAL_ACCENT_COLOR_NAME = AccentColor;
				CODE_SIGN_STYLE = Automatic;
				CURRENT_PROJECT_VERSION = 1;
				DEVELOPMENT_ASSET_PATHS = "\"SwiftUI Continued Learning Intermediate Bootcamp/Preview Content\"";
				DEVELOPMENT_TEAM = 648GL97VZX;
				ENABLE_PREVIEWS = YES;
				GENERATE_INFOPLIST_FILE = YES;
				INFOPLIST_KEY_UIApplicationSceneManifest_Generation = YES;
				INFOPLIST_KEY_UIApplicationSupportsIndirectInputEvents = YES;
				INFOPLIST_KEY_UILaunchScreen_Generation = YES;
				INFOPLIST_KEY_UISupportedInterfaceOrientations_iPad = "UIInterfaceOrientationPortrait UIInterfaceOrientationPortraitUpsideDown UIInterfaceOrientationLandscapeLeft UIInterfaceOrientationLandscapeRight";
				INFOPLIST_KEY_UISupportedInterfaceOrientations_iPhone = "UIInterfaceOrientationPortrait UIInterfaceOrientationLandscapeLeft UIInterfaceOrientationLandscapeRight";
				LD_RUNPATH_SEARCH_PATHS = (
					"$(inherited)",
					"@executable_path/Frameworks",
				);
				MARKETING_VERSION = 1.0;
				PRODUCT_BUNDLE_IDENTIFIER = "com.jgestradam.SwiftUI-Continued-Learning-Intermediate-Bootcamp";
				PRODUCT_NAME = "$(TARGET_NAME)";
				SWIFT_EMIT_LOC_STRINGS = YES;
				SWIFT_VERSION = 5.0;
				TARGETED_DEVICE_FAMILY = "1,2";
			};
			name = Debug;
		};
		5DE3D6EE29379EA400A06A80 /* Release */ = {
			isa = XCBuildConfiguration;
			buildSettings = {
				ASSETCATALOG_COMPILER_APPICON_NAME = AppIcon;
				ASSETCATALOG_COMPILER_GLOBAL_ACCENT_COLOR_NAME = AccentColor;
				CODE_SIGN_STYLE = Automatic;
				CURRENT_PROJECT_VERSION = 1;
				DEVELOPMENT_ASSET_PATHS = "\"SwiftUI Continued Learning Intermediate Bootcamp/Preview Content\"";
				DEVELOPMENT_TEAM = 648GL97VZX;
				ENABLE_PREVIEWS = YES;
				GENERATE_INFOPLIST_FILE = YES;
				INFOPLIST_KEY_UIApplicationSceneManifest_Generation = YES;
				INFOPLIST_KEY_UIApplicationSupportsIndirectInputEvents = YES;
				INFOPLIST_KEY_UILaunchScreen_Generation = YES;
				INFOPLIST_KEY_UISupportedInterfaceOrientations_iPad = "UIInterfaceOrientationPortrait UIInterfaceOrientationPortraitUpsideDown UIInterfaceOrientationLandscapeLeft UIInterfaceOrientationLandscapeRight";
				INFOPLIST_KEY_UISupportedInterfaceOrientations_iPhone = "UIInterfaceOrientationPortrait UIInterfaceOrientationLandscapeLeft UIInterfaceOrientationLandscapeRight";
				LD_RUNPATH_SEARCH_PATHS = (
					"$(inherited)",
					"@executable_path/Frameworks",
				);
				MARKETING_VERSION = 1.0;
				PRODUCT_BUNDLE_IDENTIFIER = "com.jgestradam.SwiftUI-Continued-Learning-Intermediate-Bootcamp";
				PRODUCT_NAME = "$(TARGET_NAME)";
				SWIFT_EMIT_LOC_STRINGS = YES;
				SWIFT_VERSION = 5.0;
				TARGETED_DEVICE_FAMILY = "1,2";
			};
			name = Release;
		};
/* End XCBuildConfiguration section */

/* Begin XCConfigurationList section */
		5DE3D6D929379EA300A06A80 /* Build configuration list for PBXProject "SwiftUI Continued Learning Intermediate Bootcamp" */ = {
			isa = XCConfigurationList;
			buildConfigurations = (
				5DE3D6EA29379EA400A06A80 /* Debug */,
				5DE3D6EB29379EA400A06A80 /* Release */,
			);
			defaultConfigurationIsVisible = 0;
			defaultConfigurationName = Release;
		};
		5DE3D6EC29379EA400A06A80 /* Build configuration list for PBXNativeTarget "SwiftUI Continued Learning Intermediate Bootcamp" */ = {
			isa = XCConfigurationList;
			buildConfigurations = (
				5DE3D6ED29379EA400A06A80 /* Debug */,
				5DE3D6EE29379EA400A06A80 /* Release */,
			);
			defaultConfigurationIsVisible = 0;
			defaultConfigurationName = Release;
		};
/* End XCConfigurationList section */

/* Begin XCVersionGroup section */
		5D90CFD5293BE12D00B90E3F /* FruitsContainer.xcdatamodeld */ = {
			isa = XCVersionGroup;
			children = (
				5D90CFD6293BE12D00B90E3F /* FruitsContainer.xcdatamodel */,
			);
			currentVersion = 5D90CFD6293BE12D00B90E3F /* FruitsContainer.xcdatamodel */;
			path = FruitsContainer.xcdatamodeld;
			sourceTree = "<group>";
			versionGroupType = wrapper.xcdatamodel;
		};
/* End XCVersionGroup section */
	};
	rootObject = 5DE3D6D629379EA300A06A80 /* Project object */;
}
